// !$*UTF8*$!
{
	archiveVersion = 1;
	classes = {
	};
	objectVersion = 48;
	objects = {

/* Begin PBXBuildFile section */
		7B5BCB4CEEC28A7ECB5D6559 /* Pods_AugmentedPhoneBook.framework in Frameworks */ = {isa = PBXBuildFile; fileRef = 1D21E6FC9EC7CB6C64AC1F79 /* Pods_AugmentedPhoneBook.framework */; };
		DC72C7CE1F3139F100ECC28C /* Extensions.swift in Sources */ = {isa = PBXBuildFile; fileRef = DC72C7CD1F3139F100ECC28C /* Extensions.swift */; };
		DC72C7D01F313A2200ECC28C /* LocationTextBoxNode.swift in Sources */ = {isa = PBXBuildFile; fileRef = DC72C7CF1F313A2200ECC28C /* LocationTextBoxNode.swift */; };
		DC72C7D31F31429B00ECC28C /* LICENSE in Resources */ = {isa = PBXBuildFile; fileRef = DC72C7D21F31429B00ECC28C /* LICENSE */; };
		DCA459A91F2EBB9900886DA8 /* AppDelegate.swift in Sources */ = {isa = PBXBuildFile; fileRef = DCA459A81F2EBB9900886DA8 /* AppDelegate.swift */; };
		DCA459AD1F2EBB9900886DA8 /* ViewController.swift in Sources */ = {isa = PBXBuildFile; fileRef = DCA459AC1F2EBB9900886DA8 /* ViewController.swift */; };
		DCA459B01F2EBB9900886DA8 /* Main.storyboard in Resources */ = {isa = PBXBuildFile; fileRef = DCA459AE1F2EBB9900886DA8 /* Main.storyboard */; };
		DCA459B21F2EBB9900886DA8 /* Assets.xcassets in Resources */ = {isa = PBXBuildFile; fileRef = DCA459B11F2EBB9900886DA8 /* Assets.xcassets */; };
		DCA459B51F2EBB9900886DA8 /* LaunchScreen.storyboard in Resources */ = {isa = PBXBuildFile; fileRef = DCA459B31F2EBB9900886DA8 /* LaunchScreen.storyboard */; };
		DCA459C81F2EBDBD00886DA8 /* YellowPagesAPI.swift in Sources */ = {isa = PBXBuildFile; fileRef = DCA459C71F2EBDBD00886DA8 /* YellowPagesAPI.swift */; };
/* End PBXBuildFile section */

/* Begin PBXFileReference section */
		1D21E6FC9EC7CB6C64AC1F79 /* Pods_AugmentedPhoneBook.framework */ = {isa = PBXFileReference; explicitFileType = wrapper.framework; includeInIndex = 0; path = Pods_AugmentedPhoneBook.framework; sourceTree = BUILT_PRODUCTS_DIR; };
		81D9678B456F3827D73E4477 /* Pods-AugmentedPhoneBook.release.xcconfig */ = {isa = PBXFileReference; includeInIndex = 1; lastKnownFileType = text.xcconfig; name = "Pods-AugmentedPhoneBook.release.xcconfig"; path = "Pods/Target Support Files/Pods-AugmentedPhoneBook/Pods-AugmentedPhoneBook.release.xcconfig"; sourceTree = "<group>"; };
		DC72C7CD1F3139F100ECC28C /* Extensions.swift */ = {isa = PBXFileReference; lastKnownFileType = sourcecode.swift; path = Extensions.swift; sourceTree = "<group>"; };
		DC72C7CF1F313A2200ECC28C /* LocationTextBoxNode.swift */ = {isa = PBXFileReference; lastKnownFileType = sourcecode.swift; path = LocationTextBoxNode.swift; sourceTree = "<group>"; };
		DC72C7D11F313AD400ECC28C /* README.md */ = {isa = PBXFileReference; lastKnownFileType = net.daringfireball.markdown; path = README.md; sourceTree = "<group>"; };
		DC72C7D21F31429B00ECC28C /* LICENSE */ = {isa = PBXFileReference; lastKnownFileType = text; path = LICENSE; sourceTree = "<group>"; };
		DCA459A51F2EBB9900886DA8 /* AugmentedPhoneBook.app */ = {isa = PBXFileReference; explicitFileType = wrapper.application; includeInIndex = 0; path = AugmentedPhoneBook.app; sourceTree = BUILT_PRODUCTS_DIR; };
		DCA459A81F2EBB9900886DA8 /* AppDelegate.swift */ = {isa = PBXFileReference; lastKnownFileType = sourcecode.swift; path = AppDelegate.swift; sourceTree = "<group>"; };
		DCA459AC1F2EBB9900886DA8 /* ViewController.swift */ = {isa = PBXFileReference; lastKnownFileType = sourcecode.swift; path = ViewController.swift; sourceTree = "<group>"; };
		DCA459AF1F2EBB9900886DA8 /* Base */ = {isa = PBXFileReference; lastKnownFileType = file.storyboard; name = Base; path = Base.lproj/Main.storyboard; sourceTree = "<group>"; };
		DCA459B11F2EBB9900886DA8 /* Assets.xcassets */ = {isa = PBXFileReference; lastKnownFileType = folder.assetcatalog; path = Assets.xcassets; sourceTree = "<group>"; };
		DCA459B41F2EBB9900886DA8 /* Base */ = {isa = PBXFileReference; lastKnownFileType = file.storyboard; name = Base; path = Base.lproj/LaunchScreen.storyboard; sourceTree = "<group>"; };
		DCA459B61F2EBB9900886DA8 /* Info.plist */ = {isa = PBXFileReference; lastKnownFileType = text.plist.xml; path = Info.plist; sourceTree = "<group>"; };
		DCA459C71F2EBDBD00886DA8 /* YellowPagesAPI.swift */ = {isa = PBXFileReference; lastKnownFileType = sourcecode.swift; path = YellowPagesAPI.swift; sourceTree = "<group>"; };
		F959859334DB3B83DD16364F /* Pods-AugmentedPhoneBook.debug.xcconfig */ = {isa = PBXFileReference; includeInIndex = 1; lastKnownFileType = text.xcconfig; name = "Pods-AugmentedPhoneBook.debug.xcconfig"; path = "Pods/Target Support Files/Pods-AugmentedPhoneBook/Pods-AugmentedPhoneBook.debug.xcconfig"; sourceTree = "<group>"; };
/* End PBXFileReference section */

/* Begin PBXFrameworksBuildPhase section */
		DCA459A21F2EBB9900886DA8 /* Frameworks */ = {
			isa = PBXFrameworksBuildPhase;
			buildActionMask = 2147483647;
			files = (
				7B5BCB4CEEC28A7ECB5D6559 /* Pods_AugmentedPhoneBook.framework in Frameworks */,
			);
			runOnlyForDeploymentPostprocessing = 0;
		};
/* End PBXFrameworksBuildPhase section */

/* Begin PBXGroup section */
		3A1D1C62EC8A025C33C7BF79 /* Pods */ = {
			isa = PBXGroup;
			children = (
				F959859334DB3B83DD16364F /* Pods-AugmentedPhoneBook.debug.xcconfig */,
				81D9678B456F3827D73E4477 /* Pods-AugmentedPhoneBook.release.xcconfig */,
			);
			name = Pods;
			sourceTree = "<group>";
		};
		5EE9250DB2BB9BEA8EE296EB /* Frameworks */ = {
			isa = PBXGroup;
			children = (
				1D21E6FC9EC7CB6C64AC1F79 /* Pods_AugmentedPhoneBook.framework */,
			);
			name = Frameworks;
			sourceTree = "<group>";
		};
		DCA4599C1F2EBB9900886DA8 = {
			isa = PBXGroup;
			children = (
				DC72C7D11F313AD400ECC28C /* README.md */,
				DC72C7D21F31429B00ECC28C /* LICENSE */,
				DCA459A71F2EBB9900886DA8 /* AugmentedPhoneBook */,
				DCA459A61F2EBB9900886DA8 /* Products */,
				3A1D1C62EC8A025C33C7BF79 /* Pods */,
				5EE9250DB2BB9BEA8EE296EB /* Frameworks */,
			);
			sourceTree = "<group>";
		};
		DCA459A61F2EBB9900886DA8 /* Products */ = {
			isa = PBXGroup;
			children = (
				DCA459A51F2EBB9900886DA8 /* AugmentedPhoneBook.app */,
			);
			name = Products;
			sourceTree = "<group>";
		};
		DCA459A71F2EBB9900886DA8 /* AugmentedPhoneBook */ = {
			isa = PBXGroup;
			children = (
				DCA459A81F2EBB9900886DA8 /* AppDelegate.swift */,
				DCA459AC1F2EBB9900886DA8 /* ViewController.swift */,
				DCA459C71F2EBDBD00886DA8 /* YellowPagesAPI.swift */,
				DC72C7CD1F3139F100ECC28C /* Extensions.swift */,
				DC72C7CF1F313A2200ECC28C /* LocationTextBoxNode.swift */,
				DCA459AE1F2EBB9900886DA8 /* Main.storyboard */,
				DCA459B11F2EBB9900886DA8 /* Assets.xcassets */,
				DCA459B31F2EBB9900886DA8 /* LaunchScreen.storyboard */,
				DCA459B61F2EBB9900886DA8 /* Info.plist */,
			);
			path = AugmentedPhoneBook;
			sourceTree = "<group>";
		};
/* End PBXGroup section */

/* Begin PBXNativeTarget section */
		DCA459A41F2EBB9900886DA8 /* AugmentedPhoneBook */ = {
			isa = PBXNativeTarget;
			buildConfigurationList = DCA459B91F2EBB9900886DA8 /* Build configuration list for PBXNativeTarget "AugmentedPhoneBook" */;
			buildPhases = (
				B5D0FD5422A4174762225D80 /* [CP] Check Pods Manifest.lock */,
				DCA459A11F2EBB9900886DA8 /* Sources */,
				DCA459A21F2EBB9900886DA8 /* Frameworks */,
				DCA459A31F2EBB9900886DA8 /* Resources */,
				1B5C0312136C094BC027945D /* [CP] Embed Pods Frameworks */,
				3DB0020C2E5A05FCC335CE1B /* [CP] Copy Pods Resources */,
			);
			buildRules = (
			);
			dependencies = (
			);
			name = AugmentedPhoneBook;
			productName = AugmentedPhoneBook;
			productReference = DCA459A51F2EBB9900886DA8 /* AugmentedPhoneBook.app */;
			productType = "com.apple.product-type.application";
		};
/* End PBXNativeTarget section */

/* Begin PBXProject section */
		DCA4599D1F2EBB9900886DA8 /* Project object */ = {
			isa = PBXProject;
			attributes = {
				LastSwiftUpdateCheck = 0900;
				LastUpgradeCheck = 0900;
				ORGANIZATIONNAME = "Stephen Heaps";
				TargetAttributes = {
					DCA459A41F2EBB9900886DA8 = {
						CreatedOnToolsVersion = 9.0;
					};
				};
			};
			buildConfigurationList = DCA459A01F2EBB9900886DA8 /* Build configuration list for PBXProject "AugmentedPhoneBook" */;
			compatibilityVersion = "Xcode 8.0";
			developmentRegion = en;
			hasScannedForEncodings = 0;
			knownRegions = (
				en,
				Base,
			);
			mainGroup = DCA4599C1F2EBB9900886DA8;
			productRefGroup = DCA459A61F2EBB9900886DA8 /* Products */;
			projectDirPath = "";
			projectRoot = "";
			targets = (
				DCA459A41F2EBB9900886DA8 /* AugmentedPhoneBook */,
			);
		};
/* End PBXProject section */

/* Begin PBXResourcesBuildPhase section */
		DCA459A31F2EBB9900886DA8 /* Resources */ = {
			isa = PBXResourcesBuildPhase;
			buildActionMask = 2147483647;
			files = (
				DCA459B51F2EBB9900886DA8 /* LaunchScreen.storyboard in Resources */,
				DCA459B21F2EBB9900886DA8 /* Assets.xcassets in Resources */,
				DCA459B01F2EBB9900886DA8 /* Main.storyboard in Resources */,
				DC72C7D31F31429B00ECC28C /* LICENSE in Resources */,
			);
			runOnlyForDeploymentPostprocessing = 0;
		};
/* End PBXResourcesBuildPhase section */

/* Begin PBXShellScriptBuildPhase section */
		1B5C0312136C094BC027945D /* [CP] Embed Pods Frameworks */ = {
			isa = PBXShellScriptBuildPhase;
			buildActionMask = 2147483647;
			files = (
			);
			inputPaths = (
			);
			name = "[CP] Embed Pods Frameworks";
			outputPaths = (
			);
			runOnlyForDeploymentPostprocessing = 0;
			shellPath = /bin/sh;
			shellScript = "\"${SRCROOT}/Pods/Target Support Files/Pods-AugmentedPhoneBook/Pods-AugmentedPhoneBook-frameworks.sh\"\n";
			showEnvVarsInLog = 0;
		};
		3DB0020C2E5A05FCC335CE1B /* [CP] Copy Pods Resources */ = {
			isa = PBXShellScriptBuildPhase;
			buildActionMask = 2147483647;
			files = (
			);
			inputPaths = (
			);
			name = "[CP] Copy Pods Resources";
			outputPaths = (
			);
			runOnlyForDeploymentPostprocessing = 0;
			shellPath = /bin/sh;
			shellScript = "\"${SRCROOT}/Pods/Target Support Files/Pods-AugmentedPhoneBook/Pods-AugmentedPhoneBook-resources.sh\"\n";
			showEnvVarsInLog = 0;
		};
		B5D0FD5422A4174762225D80 /* [CP] Check Pods Manifest.lock */ = {
			isa = PBXShellScriptBuildPhase;
			buildActionMask = 2147483647;
			files = (
			);
			inputPaths = (
			);
			name = "[CP] Check Pods Manifest.lock";
			outputPaths = (
			);
			runOnlyForDeploymentPostprocessing = 0;
			shellPath = /bin/sh;
			shellScript = "diff \"${PODS_PODFILE_DIR_PATH}/Podfile.lock\" \"${PODS_ROOT}/Manifest.lock\" > /dev/null\nif [ $? != 0 ] ; then\n    # print error to STDERR\n    echo \"error: The sandbox is not in sync with the Podfile.lock. Run 'pod install' or update your CocoaPods installation.\" >&2\n    exit 1\nfi\n";
			showEnvVarsInLog = 0;
		};
/* End PBXShellScriptBuildPhase section */

/* Begin PBXSourcesBuildPhase section */
		DCA459A11F2EBB9900886DA8 /* Sources */ = {
			isa = PBXSourcesBuildPhase;
			buildActionMask = 2147483647;
			files = (
				DC72C7D01F313A2200ECC28C /* LocationTextBoxNode.swift in Sources */,
				DCA459AD1F2EBB9900886DA8 /* ViewController.swift in Sources */,
				DCA459A91F2EBB9900886DA8 /* AppDelegate.swift in Sources */,
				DCA459C81F2EBDBD00886DA8 /* YellowPagesAPI.swift in Sources */,
				DC72C7CE1F3139F100ECC28C /* Extensions.swift in Sources */,
			);
			runOnlyForDeploymentPostprocessing = 0;
		};
/* End PBXSourcesBuildPhase section */

/* Begin PBXVariantGroup section */
		DCA459AE1F2EBB9900886DA8 /* Main.storyboard */ = {
			isa = PBXVariantGroup;
			children = (
				DCA459AF1F2EBB9900886DA8 /* Base */,
			);
			name = Main.storyboard;
			sourceTree = "<group>";
		};
		DCA459B31F2EBB9900886DA8 /* LaunchScreen.storyboard */ = {
			isa = PBXVariantGroup;
			children = (
				DCA459B41F2EBB9900886DA8 /* Base */,
			);
			name = LaunchScreen.storyboard;
			sourceTree = "<group>";
		};
/* End PBXVariantGroup section */

/* Begin XCBuildConfiguration section */
		DCA459B71F2EBB9900886DA8 /* Debug */ = {
			isa = XCBuildConfiguration;
			buildSettings = {
				ALWAYS_SEARCH_USER_PATHS = NO;
				CLANG_ANALYZER_NONNULL = YES;
				CLANG_ANALYZER_NUMBER_OBJECT_CONVERSION = YES_AGGRESSIVE;
				CLANG_CXX_LANGUAGE_STANDARD = "gnu++14";
				CLANG_CXX_LIBRARY = "libc++";
				CLANG_ENABLE_MODULES = YES;
				CLANG_ENABLE_OBJC_ARC = YES;
				CLANG_WARN_BLOCK_CAPTURE_AUTORELEASING = YES;
				CLANG_WARN_BOOL_CONVERSION = YES;
				CLANG_WARN_COMMA = YES;
				CLANG_WARN_CONSTANT_CONVERSION = YES;
				CLANG_WARN_DIRECT_OBJC_ISA_USAGE = YES_ERROR;
				CLANG_WARN_DOCUMENTATION_COMMENTS = YES;
				CLANG_WARN_EMPTY_BODY = YES;
				CLANG_WARN_ENUM_CONVERSION = YES;
				CLANG_WARN_INFINITE_RECURSION = YES;
				CLANG_WARN_INT_CONVERSION = YES;
				CLANG_WARN_NON_LITERAL_NULL_CONVERSION = YES;
				CLANG_WARN_OBJC_LITERAL_CONVERSION = YES;
				CLANG_WARN_OBJC_ROOT_CLASS = YES_ERROR;
				CLANG_WARN_RANGE_LOOP_ANALYSIS = YES;
				CLANG_WARN_STRICT_PROTOTYPES = YES;
				CLANG_WARN_SUSPICIOUS_MOVE = YES;
				CLANG_WARN_UNGUARDED_AVAILABILITY = YES_AGGRESSIVE;
				CLANG_WARN_UNREACHABLE_CODE = YES;
				CLANG_WARN__DUPLICATE_METHOD_MATCH = YES;
				CODE_SIGN_IDENTITY = "iPhone Developer";
				COPY_PHASE_STRIP = NO;
				DEBUG_INFORMATION_FORMAT = dwarf;
				ENABLE_STRICT_OBJC_MSGSEND = YES;
				ENABLE_TESTABILITY = YES;
				GCC_C_LANGUAGE_STANDARD = gnu11;
				GCC_DYNAMIC_NO_PIC = NO;
				GCC_NO_COMMON_BLOCKS = YES;
				GCC_OPTIMIZATION_LEVEL = 0;
				GCC_PREPROCESSOR_DEFINITIONS = (
					"DEBUG=1",
					"$(inherited)",
				);
				GCC_WARN_64_TO_32_BIT_CONVERSION = YES;
				GCC_WARN_ABOUT_RETURN_TYPE = YES_ERROR;
				GCC_WARN_UNDECLARED_SELECTOR = YES;
				GCC_WARN_UNINITIALIZED_AUTOS = YES_AGGRESSIVE;
				GCC_WARN_UNUSED_FUNCTION = YES;
				GCC_WARN_UNUSED_VARIABLE = YES;
				IPHONEOS_DEPLOYMENT_TARGET = 11.0;
				MTL_ENABLE_DEBUG_INFO = YES;
				ONLY_ACTIVE_ARCH = YES;
				SDKROOT = iphoneos;
				SWIFT_ACTIVE_COMPILATION_CONDITIONS = DEBUG;
				SWIFT_OPTIMIZATION_LEVEL = "-Onone";
			};
			name = Debug;
		};
		DCA459B81F2EBB9900886DA8 /* Release */ = {
			isa = XCBuildConfiguration;
			buildSettings = {
				ALWAYS_SEARCH_USER_PATHS = NO;
				CLANG_ANALYZER_NONNULL = YES;
				CLANG_ANALYZER_NUMBER_OBJECT_CONVERSION = YES_AGGRESSIVE;
				CLANG_CXX_LANGUAGE_STANDARD = "gnu++14";
				CLANG_CXX_LIBRARY = "libc++";
				CLANG_ENABLE_MODULES = YES;
				CLANG_ENABLE_OBJC_ARC = YES;
				CLANG_WARN_BLOCK_CAPTURE_AUTORELEASING = YES;
				CLANG_WARN_BOOL_CONVERSION = YES;
				CLANG_WARN_COMMA = YES;
				CLANG_WARN_CONSTANT_CONVERSION = YES;
				CLANG_WARN_DIRECT_OBJC_ISA_USAGE = YES_ERROR;
				CLANG_WARN_DOCUMENTATION_COMMENTS = YES;
				CLANG_WARN_EMPTY_BODY = YES;
				CLANG_WARN_ENUM_CONVERSION = YES;
				CLANG_WARN_INFINITE_RECURSION = YES;
				CLANG_WARN_INT_CONVERSION = YES;
				CLANG_WARN_NON_LITERAL_NULL_CONVERSION = YES;
				CLANG_WARN_OBJC_LITERAL_CONVERSION = YES;
				CLANG_WARN_OBJC_ROOT_CLASS = YES_ERROR;
				CLANG_WARN_RANGE_LOOP_ANALYSIS = YES;
				CLANG_WARN_STRICT_PROTOTYPES = YES;
				CLANG_WARN_SUSPICIOUS_MOVE = YES;
				CLANG_WARN_UNGUARDED_AVAILABILITY = YES_AGGRESSIVE;
				CLANG_WARN_UNREACHABLE_CODE = YES;
				CLANG_WARN__DUPLICATE_METHOD_MATCH = YES;
				CODE_SIGN_IDENTITY = "iPhone Developer";
				COPY_PHASE_STRIP = NO;
				DEBUG_INFORMATION_FORMAT = "dwarf-with-dsym";
				ENABLE_NS_ASSERTIONS = NO;
				ENABLE_STRICT_OBJC_MSGSEND = YES;
				GCC_C_LANGUAGE_STANDARD = gnu11;
				GCC_NO_COMMON_BLOCKS = YES;
				GCC_WARN_64_TO_32_BIT_CONVERSION = YES;
				GCC_WARN_ABOUT_RETURN_TYPE = YES_ERROR;
				GCC_WARN_UNDECLARED_SELECTOR = YES;
				GCC_WARN_UNINITIALIZED_AUTOS = YES_AGGRESSIVE;
				GCC_WARN_UNUSED_FUNCTION = YES;
				GCC_WARN_UNUSED_VARIABLE = YES;
				IPHONEOS_DEPLOYMENT_TARGET = 11.0;
				MTL_ENABLE_DEBUG_INFO = NO;
				SDKROOT = iphoneos;
				SWIFT_OPTIMIZATION_LEVEL = "-Owholemodule";
				VALIDATE_PRODUCT = YES;
			};
			name = Release;
		};
		DCA459BA1F2EBB9900886DA8 /* Debug */ = {
			isa = XCBuildConfiguration;
			baseConfigurationReference = F959859334DB3B83DD16364F /* Pods-AugmentedPhoneBook.debug.xcconfig */;
			buildSettings = {
				ASSETCATALOG_COMPILER_APPICON_NAME = AppIcon;
				DEVELOPMENT_TEAM = DGL4EMG2TX;
				INFOPLIST_FILE = AugmentedPhoneBook/Info.plist;
				LD_RUNPATH_SEARCH_PATHS = "$(inherited) @executable_path/Frameworks";
				PRODUCT_BUNDLE_IDENTIFIER = stephenheaps.AugmentedPhoneBook;
				PRODUCT_NAME = "$(TARGET_NAME)";
				SWIFT_VERSION = 4.0;
				TARGETED_DEVICE_FAMILY = "1,2";
			};
			name = Debug;
		};
		DCA459BB1F2EBB9900886DA8 /* Release */ = {
			isa = XCBuildConfiguration;
			baseConfigurationReference = 81D9678B456F3827D73E4477 /* Pods-AugmentedPhoneBook.release.xcconfig */;
			buildSettings = {
				ASSETCATALOG_COMPILER_APPICON_NAME = AppIcon;
				DEVELOPMENT_TEAM = DGL4EMG2TX;
				INFOPLIST_FILE = AugmentedPhoneBook/Info.plist;
				LD_RUNPATH_SEARCH_PATHS = "$(inherited) @executable_path/Frameworks";
				PRODUCT_BUNDLE_IDENTIFIER = stephenheaps.AugmentedPhoneBook;
				PRODUCT_NAME = "$(TARGET_NAME)";
				SWIFT_VERSION = 4.0;
				TARGETED_DEVICE_FAMILY = "1,2";
			};
			name = Release;
		};
/* End XCBuildConfiguration section */

/* Begin XCConfigurationList section */
		DCA459A01F2EBB9900886DA8 /* Build configuration list for PBXProject "AugmentedPhoneBook" */ = {
			isa = XCConfigurationList;
			buildConfigurations = (
				DCA459B71F2EBB9900886DA8 /* Debug */,
				DCA459B81F2EBB9900886DA8 /* Release */,
			);
			defaultConfigurationIsVisible = 0;
			defaultConfigurationName = Release;
		};
		DCA459B91F2EBB9900886DA8 /* Build configuration list for PBXNativeTarget "AugmentedPhoneBook" */ = {
			isa = XCConfigurationList;
			buildConfigurations = (
				DCA459BA1F2EBB9900886DA8 /* Debug */,
				DCA459BB1F2EBB9900886DA8 /* Release */,
			);
			defaultConfigurationIsVisible = 0;
			defaultConfigurationName = Release;
		};
/* End XCConfigurationList section */
	};
	rootObject = DCA4599D1F2EBB9900886DA8 /* Project object */;
}
